{
  "name": "Razdelyaika",
  "lockfileVersion": 3,
  "requires": true,
  "packages": {
    "": {
      "dependencies": {
        "@types/react-geocode": "^0.2.1",
        "react-geocode": "^0.2.3"
      }
    },
    "node_modules/@types/react-geocode": {
      "version": "0.2.1",
      "resolved": "https://registry.npmjs.org/@types/react-geocode/-/react-geocode-0.2.1.tgz",
      "integrity": "sha512-iZAvDCFNYc3jZqB/MoPkOE/Gc0AzrBkCjpQnVpRKrDB6v8k6i4Cp+fpV7y3MLg13zasovTpuguo25nkVc31fcA=="
    },
    "node_modules/react-geocode": {
      "version": "0.2.3",
      "resolved": "https://registry.npmjs.org/react-geocode/-/react-geocode-0.2.3.tgz",
      "integrity": "sha512-sIpbgmn1IUzAxO4haOZ6jeeFnMD8ya9PC38yiNrmJ9vPWbvAO2D/2yfCBzZjGZVUm4PRzKAc0KghXfaEnug0TQ==",
      "dependencies": {
        "regenerator-runtime": "^0.13.3"
      }
    },
    "node_modules/regenerator-runtime": {
      "version": "0.13.11",
      "resolved": "https://registry.npmjs.org/regenerator-runtime/-/regenerator-runtime-0.13.11.tgz",
      "integrity": "sha512-kY1AZVr2Ra+t+piVaJ4gxaFaReZVH40AKNo7UCX6W+dEwBo/2oZJzqfuN1qLq1oL45o56cPaTXELwrTh8Fpggg=="
    }
  }
}
